github.com/google/uuid v1.6.0 h1:NIvaJDMOsjHA8n1jAhLSgzrAzy1Hgr+hNrb57e+94F0=
github.com/google/uuid v1.6.0/go.mod h1:TIyPZe4MgqvfeYDBFedMoGGpEw/LqOeaOT+nhxU+yHo=
github.com/vmware/govmomi v0.55.1 h1:7FW6VXIdKe/7AXftBoFTHaf0UO8Kdl84tIjothNDlZI=
github.com/vmware/govmomi v0.55.1/go.mod h1:QR6UoTHdmvT5XvdomNKwyi7VPOnrE0QZxjPBJ0mWWQs=
